
Microsoft Visual Studio Solution File, Format Version 12.00
# Visual Studio Version 16
VisualStudioVersion = 16.0.30804.86
MinimumVisualStudioVersion = 10.0.40219.1
Project("{FAE04EC0-301F-11D3-BF4B-00C04F79EFBC}") = "GitHubTest", "GitHubTest\GitHubTest.csproj", "{F9AB7418-EE17-46DD-B1E3-1D5673C66B08}"
EndProject
Global
	GlobalSection(SolutionConfigurationPlatforms) = preSolution
		Debug|Any CPU = Debug|Any CPU
		Release|Any CPU = Release|Any CPU
	EndGlobalSection
	GlobalSection(ProjectConfigurationPlatforms) = postSolution
		{F9AB7418-EE17-46DD-B1E3-1D5673C66B08}.Debug|Any CPU.ActiveCfg = Debug|Any CPU
		{F9AB7418-EE17-46DD-B1E3-1D5673C66B08}.Debug|Any CPU.Build.0 = Debug|Any CPU
		{F9AB7418-EE17-46DD-B1E3-1D5673C66B08}.Release|Any CPU.ActiveCfg = Release|Any CPU
		{F9AB7418-EE17-46DD-B1E3-1D5673C66B08}.Release|Any CPU.Build.0 = Release|Any CPU
	EndGlobalSection
	GlobalSection(SolutionProperties) = preSolution
		HideSolutionNode = FALSE
	EndGlobalSection
	GlobalSection(ExtensibilityGlobals) = postSolution
		SolutionGuid = {59409F6D-9126-4349-B67B-8D87B7448FC4}
	EndGlobalSection
EndGlobal
